
Microsoft Visual Studio Solution File, Format Version 12.00
# Visual Studio Version 17
VisualStudioVersion = 17.5.002.0
MinimumVisualStudioVersion = 10.0.40219.1
Project("{9A19103F-16F7-4668-BE54-9A1E7A4F7556}") = "ComicSystemAPI", "ComicSystemAPI.csproj", "{9A5CE11F-8640-4D15-BB3A-BFE7F99AE0F1}"
EndProject
Global
	GlobalSection(SolutionConfigurationPlatforms) = preSolution
		Debug|Any CPU = Debug|Any CPU
		Release|Any CPU = Release|Any CPU
	EndGlobalSection
	GlobalSection(ProjectConfigurationPlatforms) = postSolution
		{9A5CE11F-8640-4D15-BB3A-BFE7F99AE0F1}.Debug|Any CPU.ActiveCfg = Debug|Any CPU
		{9A5CE11F-8640-4D15-BB3A-BFE7F99AE0F1}.Debug|Any CPU.Build.0 = Debug|Any CPU
		{9A5CE11F-8640-4D15-BB3A-BFE7F99AE0F1}.Release|Any CPU.ActiveCfg = Release|Any CPU
		{9A5CE11F-8640-4D15-BB3A-BFE7F99AE0F1}.Release|Any CPU.Build.0 = Release|Any CPU
	EndGlobalSection
	GlobalSection(SolutionProperties) = preSolution
		HideSolutionNode = FALSE
	EndGlobalSection
	GlobalSection(ExtensibilityGlobals) = postSolution
		SolutionGuid = {42F60231-7A96-4B00-8E42-39D5E8A49ADB}
	EndGlobalSection
EndGlobal
